
Microsoft Visual Studio Solution File, Format Version 12.00
# Visual Studio 15
VisualStudioVersion = 15.0.26124.0
MinimumVisualStudioVersion = 15.0.26124.0
Project("{FAE04EC0-301F-11D3-BF4B-00C04F79EFBC}") = "R5T.Caledonia.Standard.Construction", "R5T.Caledonia.Standard.Construction\R5T.Caledonia.Standard.Construction.csproj", "{F4D7BCF1-BC26-47C1-9719-AB92EEB9F07E}"
EndProject
Project("{FAE04EC0-301F-11D3-BF4B-00C04F79EFBC}") = "R5T.Caledonia.Standard", "R5T.Caledonia.Standard\R5T.Caledonia.Standard.csproj", "{7A76D839-FCF8-40BD-836B-347A788E9E55}"
EndProject
Project("{FAE04EC0-301F-11D3-BF4B-00C04F79EFBC}") = "R5T.Caledonia.Standard.Testing", "R5T.Caledonia.Standard.Testing\R5T.Caledonia.Standard.Testing.csproj", "{7022E2A4-2182-4E4B-B143-1B661C466332}"
EndProject
Global
	GlobalSection(SolutionConfigurationPlatforms) = preSolution
		Debug|Any CPU = Debug|Any CPU
		Debug|x64 = Debug|x64
		Debug|x86 = Debug|x86
		Release|Any CPU = Release|Any CPU
		Release|x64 = Release|x64
		Release|x86 = Release|x86
	EndGlobalSection
	GlobalSection(SolutionProperties) = preSolution
		HideSolutionNode = FALSE
	EndGlobalSection
	GlobalSection(ProjectConfigurationPlatforms) = postSolution
		{F4D7BCF1-BC26-47C1-9719-AB92EEB9F07E}.Debug|Any CPU.ActiveCfg = Debug|Any CPU
		{F4D7BCF1-BC26-47C1-9719-AB92EEB9F07E}.Debug|Any CPU.Build.0 = Debug|Any CPU
		{F4D7BCF1-BC26-47C1-9719-AB92EEB9F07E}.Debug|x64.ActiveCfg = Debug|Any CPU
		{F4D7BCF1-BC26-47C1-9719-AB92EEB9F07E}.Debug|x64.Build.0 = Debug|Any CPU
		{F4D7BCF1-BC26-47C1-9719-AB92EEB9F07E}.Debug|x86.ActiveCfg = Debug|Any CPU
		{F4D7BCF1-BC26-47C1-9719-AB92EEB9F07E}.Debug|x86.Build.0 = Debug|Any CPU
		{F4D7BCF1-BC26-47C1-9719-AB92EEB9F07E}.Release|Any CPU.ActiveCfg = Release|Any CPU
		{F4D7BCF1-BC26-47C1-9719-AB92EEB9F07E}.Release|Any CPU.Build.0 = Release|Any CPU
		{F4D7BCF1-BC26-47C1-9719-AB92EEB9F07E}.Release|x64.ActiveCfg = Release|Any CPU
		{F4D7BCF1-BC26-47C1-9719-AB92EEB9F07E}.Release|x64.Build.0 = Release|Any CPU
		{F4D7BCF1-BC26-47C1-9719-AB92EEB9F07E}.Release|x86.ActiveCfg = Release|Any CPU
		{F4D7BCF1-BC26-47C1-9719-AB92EEB9F07E}.Release|x86.Build.0 = Release|Any CPU
		{7A76D839-FCF8-40BD-836B-347A788E9E55}.Debug|Any CPU.ActiveCfg = Debug|Any CPU
		{7A76D839-FCF8-40BD-836B-347A788E9E55}.Debug|Any CPU.Build.0 = Debug|Any CPU
		{7A76D839-FCF8-40BD-836B-347A788E9E55}.Debug|x64.ActiveCfg = Debug|Any CPU
		{7A76D839-FCF8-40BD-836B-347A788E9E55}.Debug|x64.Build.0 = Debug|Any CPU
		{7A76D839-FCF8-40BD-836B-347A788E9E55}.Debug|x86.ActiveCfg = Debug|Any CPU
		{7A76D839-FCF8-40BD-836B-347A788E9E55}.Debug|x86.Build.0 = Debug|Any CPU
		{7A76D839-FCF8-40BD-836B-347A788E9E55}.Release|Any CPU.ActiveCfg = Release|Any CPU
		{7A76D839-FCF8-40BD-836B-347A788E9E55}.Release|Any CPU.Build.0 = Release|Any CPU
		{7A76D839-FCF8-40BD-836B-347A788E9E55}.Release|x64.ActiveCfg = Release|Any CPU
		{7A76D839-FCF8-40BD-836B-347A788E9E55}.Release|x64.Build.0 = Release|Any CPU
		{7A76D839-FCF8-40BD-836B-347A788E9E55}.Release|x86.ActiveCfg = Release|Any CPU
		{7A76D839-FCF8-40BD-836B-347A788E9E55}.Release|x86.Build.0 = Release|Any CPU
		{7022E2A4-2182-4E4B-B143-1B661C466332}.Debug|Any CPU.ActiveCfg = Debug|Any CPU
		{7022E2A4-2182-4E4B-B143-1B661C466332}.Debug|Any CPU.Build.0 = Debug|Any CPU
		{7022E2A4-2182-4E4B-B143-1B661C466332}.Debug|x64.ActiveCfg = Debug|Any CPU
		{7022E2A4-2182-4E4B-B143-1B661C466332}.Debug|x64.Build.0 = Debug|Any CPU
		{7022E2A4-2182-4E4B-B143-1B661C466332}.Debug|x86.ActiveCfg = Debug|Any CPU
		{7022E2A4-2182-4E4B-B143-1B661C466332}.Debug|x86.Build.0 = Debug|Any CPU
		{7022E2A4-2182-4E4B-B143-1B661C466332}.Release|Any CPU.ActiveCfg = Release|Any CPU
		{7022E2A4-2182-4E4B-B143-1B661C466332}.Release|Any CPU.Build.0 = Release|Any CPU
		{7022E2A4-2182-4E4B-B143-1B661C466332}.Release|x64.ActiveCfg = Release|Any CPU
		{7022E2A4-2182-4E4B-B143-1B661C466332}.Release|x64.Build.0 = Release|Any CPU
		{7022E2A4-2182-4E4B-B143-1B661C466332}.Release|x86.ActiveCfg = Release|Any CPU
		{7022E2A4-2182-4E4B-B143-1B661C466332}.Release|x86.Build.0 = Release|Any CPU
	EndGlobalSection
EndGlobal
